
Microsoft Visual Studio Solution File, Format Version 12.00
# Visual Studio Version 16
VisualStudioVersion = 16.0.31702.278
MinimumVisualStudioVersion = 10.0.40219.1
Project("{FAE04EC0-301F-11D3-BF4B-00C04F79EFBC}") = "ParallelLineCreator", "ParallelLineCreator\ParallelLineCreator.csproj", "{81766DD5-0352-4130-BE4D-35B101D6BB90}"
EndProject
Global
	GlobalSection(SolutionConfigurationPlatforms) = preSolution
		Debug|Any CPU = Debug|Any CPU
		Release|Any CPU = Release|Any CPU
	EndGlobalSection
	GlobalSection(ProjectConfigurationPlatforms) = postSolution
		{81766DD5-0352-4130-BE4D-35B101D6BB90}.Debug|Any CPU.ActiveCfg = Debug|Any CPU
		{81766DD5-0352-4130-BE4D-35B101D6BB90}.Debug|Any CPU.Build.0 = Debug|Any CPU
		{81766DD5-0352-4130-BE4D-35B101D6BB90}.Release|Any CPU.ActiveCfg = Release|Any CPU
		{81766DD5-0352-4130-BE4D-35B101D6BB90}.Release|Any CPU.Build.0 = Release|Any CPU
	EndGlobalSection
	GlobalSection(SolutionProperties) = preSolution
		HideSolutionNode = FALSE
	EndGlobalSection
	GlobalSection(ExtensibilityGlobals) = postSolution
		SolutionGuid = {FBDF277C-A990-4795-8597-6128727C2D1D}
	EndGlobalSection
EndGlobal
